
Microsoft Visual Studio Solution File, Format Version 12.00
# Visual Studio 15
VisualStudioVersion = 15.0.28307.329
MinimumVisualStudioVersion = 10.0.40219.1
Project("{FAE04EC0-301F-11D3-BF4B-00C04F79EFBC}") = "SpotifyApp", "SpotifyApp\SpotifyApp.csproj", "{932196F3-8598-479F-BB7C-FA22BA565362}"
EndProject
Global
	GlobalSection(SolutionConfigurationPlatforms) = preSolution
		Debug|Any CPU = Debug|Any CPU
		Release|Any CPU = Release|Any CPU
	EndGlobalSection
	GlobalSection(ProjectConfigurationPlatforms) = postSolution
		{932196F3-8598-479F-BB7C-FA22BA565362}.Debug|Any CPU.ActiveCfg = Debug|Any CPU
		{932196F3-8598-479F-BB7C-FA22BA565362}.Debug|Any CPU.Build.0 = Debug|Any CPU
		{932196F3-8598-479F-BB7C-FA22BA565362}.Release|Any CPU.ActiveCfg = Release|Any CPU
		{932196F3-8598-479F-BB7C-FA22BA565362}.Release|Any CPU.Build.0 = Release|Any CPU
	EndGlobalSection
	GlobalSection(SolutionProperties) = preSolution
		HideSolutionNode = FALSE
	EndGlobalSection
	GlobalSection(ExtensibilityGlobals) = postSolution
		SolutionGuid = {75DE9C0C-51EA-4B92-932D-1E6882540FFB}
	EndGlobalSection
EndGlobal
